
Microsoft Visual Studio Solution File, Format Version 12.00
# Visual Studio Version 16
VisualStudioVersion = 16.0.31129.286
MinimumVisualStudioVersion = 10.0.40219.1
Project("{FAE04EC0-301F-11D3-BF4B-00C04F79EFBC}") = "Blackjack", "Blackjack.csproj", "{604ACE6A-21D0-4E7F-9D7C-0EEBC7BF7AE8}"
EndProject
Global
	GlobalSection(SolutionConfigurationPlatforms) = preSolution
		Debug|Any CPU = Debug|Any CPU
		Release|Any CPU = Release|Any CPU
	EndGlobalSection
	GlobalSection(ProjectConfigurationPlatforms) = postSolution
		{604ACE6A-21D0-4E7F-9D7C-0EEBC7BF7AE8}.Debug|Any CPU.ActiveCfg = Debug|Any CPU
		{604ACE6A-21D0-4E7F-9D7C-0EEBC7BF7AE8}.Debug|Any CPU.Build.0 = Debug|Any CPU
		{604ACE6A-21D0-4E7F-9D7C-0EEBC7BF7AE8}.Release|Any CPU.ActiveCfg = Release|Any CPU
		{604ACE6A-21D0-4E7F-9D7C-0EEBC7BF7AE8}.Release|Any CPU.Build.0 = Release|Any CPU
	EndGlobalSection
	GlobalSection(SolutionProperties) = preSolution
		HideSolutionNode = FALSE
	EndGlobalSection
	GlobalSection(ExtensibilityGlobals) = postSolution
		SolutionGuid = {E11DE47B-CFF2-48B0-8379-6BCFFF901CA1}
	EndGlobalSection
EndGlobal
